
Microsoft Visual Studio Solution File, Format Version 12.00
# Visual Studio Version 17
VisualStudioVersion = 17.13.35825.156 d17.13
MinimumVisualStudioVersion = 10.0.40219.1
Project("{FAE04EC0-301F-11D3-BF4B-00C04F79EFBC}") = "DevoteWebsite", "DevoteWebsite.csproj", "{A9F9143F-730A-477D-8E60-AC03EDF3367F}"
EndProject
Global
	GlobalSection(SolutionConfigurationPlatforms) = preSolution
		Debug|Any CPU = Debug|Any CPU
		Release|Any CPU = Release|Any CPU
	EndGlobalSection
	GlobalSection(ProjectConfigurationPlatforms) = postSolution
		{A9F9143F-730A-477D-8E60-AC03EDF3367F}.Debug|Any CPU.ActiveCfg = Debug|Any CPU
		{A9F9143F-730A-477D-8E60-AC03EDF3367F}.Debug|Any CPU.Build.0 = Debug|Any CPU
		{A9F9143F-730A-477D-8E60-AC03EDF3367F}.Release|Any CPU.ActiveCfg = Release|Any CPU
		{A9F9143F-730A-477D-8E60-AC03EDF3367F}.Release|Any CPU.Build.0 = Release|Any CPU
	EndGlobalSection
	GlobalSection(SolutionProperties) = preSolution
		HideSolutionNode = FALSE
	EndGlobalSection
	GlobalSection(ExtensibilityGlobals) = postSolution
		SolutionGuid = {47620C2B-0C9C-44DE-9E96-D27520AD6702}
	EndGlobalSection
EndGlobal
